<Solution>
  <Project Path="../tests/unit/NFramework.Mediator.Tests/NFramework.Mediator.Tests.csproj" />
  <Project Path="../tests/unit/NFramework.Mediator.Abstractions.Tests/NFramework.Mediator.Abstractions.Tests.csproj" />
  <Project Path="NFramework.Mediator.MartinothamarMediator/NFramework.Mediator.MartinothamarMediator.csproj" />
  <Project Path="NFramework.Mediator.Abstractions/NFramework.Mediator.Abstractions.csproj" />
</Solution>
